// !$*UTF8*$!
{
	archiveVersion = 1;
	classes = {
	};
	objectVersion = 56;
	objects = {

/* Begin PBXBuildFile section */
		9235A6C32CF20D6200DC02D2 /* CreativeMobilesToDoApp.swift in Sources */ = {isa = PBXBuildFile; fileRef = 9235A6C22CF20D6200DC02D2 /* CreativeMobilesToDoApp.swift */; };
		9235A6C52CF20D6200DC02D2 /* ContentView.swift in Sources */ = {isa = PBXBuildFile; fileRef = 9235A6C42CF20D6200DC02D2 /* ContentView.swift */; };
		9235A6CA2CF20D6300DC02D2 /* Preview Assets.xcassets in Resources */ = {isa = PBXBuildFile; fileRef = 9235A6C92CF20D6300DC02D2 /* Preview Assets.xcassets */; };
		9235A6DB2CF20F5000DC02D2 /* ToDoListView.swift in Sources */ = {isa = PBXBuildFile; fileRef = 9235A6DA2CF20F5000DC02D2 /* ToDoListView.swift */; };
		9235A6DE2CF20F9100DC02D2 /* ToDoItemView.swift in Sources */ = {isa = PBXBuildFile; fileRef = 9235A6DD2CF20F9100DC02D2 /* ToDoItemView.swift */; };
		9235A6E12CF21E6500DC02D2 /* Date.swift in Sources */ = {isa = PBXBuildFile; fileRef = 9235A6E02CF21E6500DC02D2 /* Date.swift */; };
		9235A7022CF258B500DC02D2 /* ColorAsset.xcassets in Resources */ = {isa = PBXBuildFile; fileRef = 9235A7012CF258B500DC02D2 /* ColorAsset.xcassets */; };
		9235A7042CF258DE00DC02D2 /* Colors.swift in Sources */ = {isa = PBXBuildFile; fileRef = 9235A7032CF258DE00DC02D2 /* Colors.swift */; };
		9235A7082CF2620500DC02D2 /* Images.swift in Sources */ = {isa = PBXBuildFile; fileRef = 9235A7072CF2620500DC02D2 /* Images.swift */; };
		9235A70A2CF276EC00DC02D2 /* Assets.xcassets in Resources */ = {isa = PBXBuildFile; fileRef = 9235A7092CF276EC00DC02D2 /* Assets.xcassets */; };
		9235A7102CF4D86A00DC02D2 /* ToDoItemPreview.swift in Sources */ = {isa = PBXBuildFile; fileRef = 9235A70F2CF4D86A00DC02D2 /* ToDoItemPreview.swift */; };
		9235A7132CF4E42000DC02D2 /* TaskView.swift in Sources */ = {isa = PBXBuildFile; fileRef = 9235A7122CF4E42000DC02D2 /* TaskView.swift */; };
		9235A71A2CF7905F00DC02D2 /* Endpoint.swift in Sources */ = {isa = PBXBuildFile; fileRef = 9235A7192CF7905F00DC02D2 /* Endpoint.swift */; };
		9235A71C2CF791A400DC02D2 /* NetworkingServiceError.swift in Sources */ = {isa = PBXBuildFile; fileRef = 9235A71B2CF791A400DC02D2 /* NetworkingServiceError.swift */; };
		9235A71E2CF7926D00DC02D2 /* NetworkRequest.swift in Sources */ = {isa = PBXBuildFile; fileRef = 9235A71D2CF7926D00DC02D2 /* NetworkRequest.swift */; };
		9235A7202CF7941100DC02D2 /* NetworkingService.swift in Sources */ = {isa = PBXBuildFile; fileRef = 9235A71F2CF7941100DC02D2 /* NetworkingService.swift */; };
		9235A7222CF797DB00DC02D2 /* ToDoNetworkingService.swift in Sources */ = {isa = PBXBuildFile; fileRef = 9235A7212CF797DB00DC02D2 /* ToDoNetworkingService.swift */; };
		9235A7242CF7AE6A00DC02D2 /* ToDoItemNetworkItem.swift in Sources */ = {isa = PBXBuildFile; fileRef = 9235A7232CF7AE6A00DC02D2 /* ToDoItemNetworkItem.swift */; };
		9235A7262CF7AF3700DC02D2 /* ToDoItemListNetworkModel.swift in Sources */ = {isa = PBXBuildFile; fileRef = 9235A7252CF7AF3700DC02D2 /* ToDoItemListNetworkModel.swift */; };
		9235A7282CF7B26000DC02D2 /* GetToDoItemListRequest.swift in Sources */ = {isa = PBXBuildFile; fileRef = 9235A7272CF7B26000DC02D2 /* GetToDoItemListRequest.swift */; };
		9235A72A2CF7B38B00DC02D2 /* ToDoItem.swift in Sources */ = {isa = PBXBuildFile; fileRef = 9235A7292CF7B38B00DC02D2 /* ToDoItem.swift */; };
		9235A72E2CF7BA2C00DC02D2 /* ToDoListViewModel.swift in Sources */ = {isa = PBXBuildFile; fileRef = 9235A72D2CF7BA2C00DC02D2 /* ToDoListViewModel.swift */; };
		9235A7382CF870EB00DC02D2 /* ToDoDataModel.xcdatamodeld in Sources */ = {isa = PBXBuildFile; fileRef = 9235A7362CF870EA00DC02D2 /* ToDoDataModel.xcdatamodeld */; };
		9235A73A2CF871A400DC02D2 /* ToDoPersistenceService.swift in Sources */ = {isa = PBXBuildFile; fileRef = 9235A7392CF871A400DC02D2 /* ToDoPersistenceService.swift */; };
		9235A7422CF8A23C00DC02D2 /* PersistenceErrors.swift in Sources */ = {isa = PBXBuildFile; fileRef = 9235A7412CF8A23C00DC02D2 /* PersistenceErrors.swift */; };
		9235A7442CF8E10500DC02D2 /* TaskViewModel.swift in Sources */ = {isa = PBXBuildFile; fileRef = 9235A7432CF8E10500DC02D2 /* TaskViewModel.swift */; };
		923C0D482CFCD68C0024CAF1 /* Localizable.xcstrings in Resources */ = {isa = PBXBuildFile; fileRef = 923C0D472CFCD68C0024CAF1 /* Localizable.xcstrings */; };
		923C0D4F2CFCDAB00024CAF1 /* StartTypeService.swift in Sources */ = {isa = PBXBuildFile; fileRef = 923C0D4E2CFCDAB00024CAF1 /* StartTypeService.swift */; };
		92D9E0582CFCFB810094123C /* FirstStartIdentifiable.swift in Sources */ = {isa = PBXBuildFile; fileRef = 92D9E0572CFCFB810094123C /* FirstStartIdentifiable.swift */; };
		92D9E0602CFD190E0094123C /* CreativeMobilesToDoTests.swift in Sources */ = {isa = PBXBuildFile; fileRef = 92D9E05F2CFD190E0094123C /* CreativeMobilesToDoTests.swift */; };
		92D9E0672CFD1A430094123C /* StartTypeServiceTests.swift in Sources */ = {isa = PBXBuildFile; fileRef = 92D9E0662CFD1A430094123C /* StartTypeServiceTests.swift */; };
		92D9E0692CFD21130094123C /* ToDoItemPersistenceTests.swift in Sources */ = {isa = PBXBuildFile; fileRef = 92D9E0682CFD21130094123C /* ToDoItemPersistenceTests.swift */; };
		D2B0BF1220C87A014AADC7A3 /* Pods_CreativeMobilesToDo.framework in Frameworks */ = {isa = PBXBuildFile; fileRef = 7CAEDCB294CE679448CB3133 /* Pods_CreativeMobilesToDo.framework */; };
/* End PBXBuildFile section */

/* Begin PBXContainerItemProxy section */
		92D9E0612CFD190E0094123C /* PBXContainerItemProxy */ = {
			isa = PBXContainerItemProxy;
			containerPortal = 9235A6B72CF20D6200DC02D2 /* Project object */;
			proxyType = 1;
			remoteGlobalIDString = 9235A6BE2CF20D6200DC02D2;
			remoteInfo = CreativeMobilesToDo;
		};
/* End PBXContainerItemProxy section */

/* Begin PBXFileReference section */
		7CAEDCB294CE679448CB3133 /* Pods_CreativeMobilesToDo.framework */ = {isa = PBXFileReference; explicitFileType = wrapper.framework; includeInIndex = 0; path = Pods_CreativeMobilesToDo.framework; sourceTree = BUILT_PRODUCTS_DIR; };
		9235A6BF2CF20D6200DC02D2 /* CreativeMobilesToDo.app */ = {isa = PBXFileReference; explicitFileType = wrapper.application; includeInIndex = 0; path = CreativeMobilesToDo.app; sourceTree = BUILT_PRODUCTS_DIR; };
		9235A6C22CF20D6200DC02D2 /* CreativeMobilesToDoApp.swift */ = {isa = PBXFileReference; lastKnownFileType = sourcecode.swift; path = CreativeMobilesToDoApp.swift; sourceTree = "<group>"; };
		9235A6C42CF20D6200DC02D2 /* ContentView.swift */ = {isa = PBXFileReference; lastKnownFileType = sourcecode.swift; path = ContentView.swift; sourceTree = "<group>"; };
		9235A6C92CF20D6300DC02D2 /* Preview Assets.xcassets */ = {isa = PBXFileReference; lastKnownFileType = folder.assetcatalog; path = "Preview Assets.xcassets"; sourceTree = "<group>"; };
		9235A6DA2CF20F5000DC02D2 /* ToDoListView.swift */ = {isa = PBXFileReference; lastKnownFileType = sourcecode.swift; path = ToDoListView.swift; sourceTree = "<group>"; };
		9235A6DD2CF20F9100DC02D2 /* ToDoItemView.swift */ = {isa = PBXFileReference; lastKnownFileType = sourcecode.swift; path = ToDoItemView.swift; sourceTree = "<group>"; };
		9235A6E02CF21E6500DC02D2 /* Date.swift */ = {isa = PBXFileReference; lastKnownFileType = sourcecode.swift; path = Date.swift; sourceTree = "<group>"; };
		9235A6F02CF22CAD00DC02D2 /* Podfile */ = {isa = PBXFileReference; lastKnownFileType = text; path = Podfile; sourceTree = "<group>"; };
		9235A6F12CF22E1600DC02D2 /* swiftgen.yml */ = {isa = PBXFileReference; lastKnownFileType = text.yaml; path = swiftgen.yml; sourceTree = "<group>"; };
		9235A7012CF258B500DC02D2 /* ColorAsset.xcassets */ = {isa = PBXFileReference; lastKnownFileType = folder.assetcatalog; path = ColorAsset.xcassets; sourceTree = "<group>"; };
		9235A7032CF258DE00DC02D2 /* Colors.swift */ = {isa = PBXFileReference; fileEncoding = 4; lastKnownFileType = sourcecode.swift; path = Colors.swift; sourceTree = "<group>"; };
		9235A7072CF2620500DC02D2 /* Images.swift */ = {isa = PBXFileReference; fileEncoding = 4; lastKnownFileType = sourcecode.swift; path = Images.swift; sourceTree = "<group>"; };
		9235A7092CF276EC00DC02D2 /* Assets.xcassets */ = {isa = PBXFileReference; lastKnownFileType = folder.assetcatalog; path = Assets.xcassets; sourceTree = "<group>"; };
		9235A70F2CF4D86A00DC02D2 /* ToDoItemPreview.swift */ = {isa = PBXFileReference; lastKnownFileType = sourcecode.swift; path = ToDoItemPreview.swift; sourceTree = "<group>"; };
		9235A7122CF4E42000DC02D2 /* TaskView.swift */ = {isa = PBXFileReference; lastKnownFileType = sourcecode.swift; path = TaskView.swift; sourceTree = "<group>"; };
		9235A7192CF7905F00DC02D2 /* Endpoint.swift */ = {isa = PBXFileReference; lastKnownFileType = sourcecode.swift; path = Endpoint.swift; sourceTree = "<group>"; };
		9235A71B2CF791A400DC02D2 /* NetworkingServiceError.swift */ = {isa = PBXFileReference; lastKnownFileType = sourcecode.swift; path = NetworkingServiceError.swift; sourceTree = "<group>"; };
		9235A71D2CF7926D00DC02D2 /* NetworkRequest.swift */ = {isa = PBXFileReference; lastKnownFileType = sourcecode.swift; path = NetworkRequest.swift; sourceTree = "<group>"; };
		9235A71F2CF7941100DC02D2 /* NetworkingService.swift */ = {isa = PBXFileReference; lastKnownFileType = sourcecode.swift; path = NetworkingService.swift; sourceTree = "<group>"; };
		9235A7212CF797DB00DC02D2 /* ToDoNetworkingService.swift */ = {isa = PBXFileReference; lastKnownFileType = sourcecode.swift; path = ToDoNetworkingService.swift; sourceTree = "<group>"; };
		9235A7232CF7AE6A00DC02D2 /* ToDoItemNetworkItem.swift */ = {isa = PBXFileReference; lastKnownFileType = sourcecode.swift; path = ToDoItemNetworkItem.swift; sourceTree = "<group>"; };
		9235A7252CF7AF3700DC02D2 /* ToDoItemListNetworkModel.swift */ = {isa = PBXFileReference; lastKnownFileType = sourcecode.swift; path = ToDoItemListNetworkModel.swift; sourceTree = "<group>"; };
		9235A7272CF7B26000DC02D2 /* GetToDoItemListRequest.swift */ = {isa = PBXFileReference; lastKnownFileType = sourcecode.swift; path = GetToDoItemListRequest.swift; sourceTree = "<group>"; };
		9235A7292CF7B38B00DC02D2 /* ToDoItem.swift */ = {isa = PBXFileReference; lastKnownFileType = sourcecode.swift; path = ToDoItem.swift; sourceTree = "<group>"; };
		9235A72D2CF7BA2C00DC02D2 /* ToDoListViewModel.swift */ = {isa = PBXFileReference; lastKnownFileType = sourcecode.swift; path = ToDoListViewModel.swift; sourceTree = "<group>"; };
		9235A7372CF870EB00DC02D2 /* ToDoDataModel.xcdatamodel */ = {isa = PBXFileReference; lastKnownFileType = wrapper.xcdatamodel; path = ToDoDataModel.xcdatamodel; sourceTree = "<group>"; };
		9235A7392CF871A400DC02D2 /* ToDoPersistenceService.swift */ = {isa = PBXFileReference; lastKnownFileType = sourcecode.swift; path = ToDoPersistenceService.swift; sourceTree = "<group>"; };
		9235A7412CF8A23C00DC02D2 /* PersistenceErrors.swift */ = {isa = PBXFileReference; lastKnownFileType = sourcecode.swift; path = PersistenceErrors.swift; sourceTree = "<group>"; };
		9235A7432CF8E10500DC02D2 /* TaskViewModel.swift */ = {isa = PBXFileReference; lastKnownFileType = sourcecode.swift; path = TaskViewModel.swift; sourceTree = "<group>"; };
		923C0D472CFCD68C0024CAF1 /* Localizable.xcstrings */ = {isa = PBXFileReference; lastKnownFileType = text.json.xcstrings; path = Localizable.xcstrings; sourceTree = "<group>"; };
		923C0D4E2CFCDAB00024CAF1 /* StartTypeService.swift */ = {isa = PBXFileReference; fileEncoding = 4; lastKnownFileType = sourcecode.swift; path = StartTypeService.swift; sourceTree = "<group>"; };
		92D9E0572CFCFB810094123C /* FirstStartIdentifiable.swift */ = {isa = PBXFileReference; lastKnownFileType = sourcecode.swift; path = FirstStartIdentifiable.swift; sourceTree = "<group>"; };
		92D9E05D2CFD190E0094123C /* CreativeMobilesToDoTests.xctest */ = {isa = PBXFileReference; explicitFileType = wrapper.cfbundle; includeInIndex = 0; path = CreativeMobilesToDoTests.xctest; sourceTree = BUILT_PRODUCTS_DIR; };
		92D9E05F2CFD190E0094123C /* CreativeMobilesToDoTests.swift */ = {isa = PBXFileReference; lastKnownFileType = sourcecode.swift; path = CreativeMobilesToDoTests.swift; sourceTree = "<group>"; };
		92D9E0662CFD1A430094123C /* StartTypeServiceTests.swift */ = {isa = PBXFileReference; lastKnownFileType = sourcecode.swift; path = StartTypeServiceTests.swift; sourceTree = "<group>"; };
		92D9E0682CFD21130094123C /* ToDoItemPersistenceTests.swift */ = {isa = PBXFileReference; lastKnownFileType = sourcecode.swift; path = ToDoItemPersistenceTests.swift; sourceTree = "<group>"; };
		EA322911ABBE2760CD7B185D /* Pods-CreativeMobilesToDo.release.xcconfig */ = {isa = PBXFileReference; includeInIndex = 1; lastKnownFileType = text.xcconfig; name = "Pods-CreativeMobilesToDo.release.xcconfig"; path = "Target Support Files/Pods-CreativeMobilesToDo/Pods-CreativeMobilesToDo.release.xcconfig"; sourceTree = "<group>"; };
		FAFDD5CCBA6CD02AB98FE55B /* Pods-CreativeMobilesToDo.debug.xcconfig */ = {isa = PBXFileReference; includeInIndex = 1; lastKnownFileType = text.xcconfig; name = "Pods-CreativeMobilesToDo.debug.xcconfig"; path = "Target Support Files/Pods-CreativeMobilesToDo/Pods-CreativeMobilesToDo.debug.xcconfig"; sourceTree = "<group>"; };
/* End PBXFileReference section */

/* Begin PBXFrameworksBuildPhase section */
		9235A6BC2CF20D6200DC02D2 /* Frameworks */ = {
			isa = PBXFrameworksBuildPhase;
			buildActionMask = 2147483647;
			files = (
				D2B0BF1220C87A014AADC7A3 /* Pods_CreativeMobilesToDo.framework in Frameworks */,
			);
			runOnlyForDeploymentPostprocessing = 0;
		};
		92D9E05A2CFD190E0094123C /* Frameworks */ = {
			isa = PBXFrameworksBuildPhase;
			buildActionMask = 2147483647;
			files = (
			);
			runOnlyForDeploymentPostprocessing = 0;
		};
/* End PBXFrameworksBuildPhase section */

/* Begin PBXGroup section */
		5538647C4E085395882B02E4 /* Pods */ = {
			isa = PBXGroup;
			children = (
				FAFDD5CCBA6CD02AB98FE55B /* Pods-CreativeMobilesToDo.debug.xcconfig */,
				EA322911ABBE2760CD7B185D /* Pods-CreativeMobilesToDo.release.xcconfig */,
			);
			path = Pods;
			sourceTree = "<group>";
		};
		67553CB5B0A4B3766704105C /* Frameworks */ = {
			isa = PBXGroup;
			children = (
				7CAEDCB294CE679448CB3133 /* Pods_CreativeMobilesToDo.framework */,
			);
			name = Frameworks;
			sourceTree = "<group>";
		};
		9235A6B62CF20D6200DC02D2 = {
			isa = PBXGroup;
			children = (
				9235A6F12CF22E1600DC02D2 /* swiftgen.yml */,
				9235A6F02CF22CAD00DC02D2 /* Podfile */,
				9235A6C12CF20D6200DC02D2 /* CreativeMobilesToDo */,
				92D9E05E2CFD190E0094123C /* CreativeMobilesToDoTests */,
				9235A6C02CF20D6200DC02D2 /* Products */,
				5538647C4E085395882B02E4 /* Pods */,
				67553CB5B0A4B3766704105C /* Frameworks */,
			);
			sourceTree = "<group>";
		};
		9235A6C02CF20D6200DC02D2 /* Products */ = {
			isa = PBXGroup;
			children = (
				9235A6BF2CF20D6200DC02D2 /* CreativeMobilesToDo.app */,
				92D9E05D2CFD190E0094123C /* CreativeMobilesToDoTests.xctest */,
			);
			name = Products;
			sourceTree = "<group>";
		};
		9235A6C12CF20D6200DC02D2 /* CreativeMobilesToDo */ = {
			isa = PBXGroup;
			children = (
				9235A6D02CF20D7200DC02D2 /* Sources */,
				9235A6C22CF20D6200DC02D2 /* CreativeMobilesToDoApp.swift */,
				9235A6C42CF20D6200DC02D2 /* ContentView.swift */,
				9235A6C82CF20D6300DC02D2 /* Preview Content */,
			);
			path = CreativeMobilesToDo;
			sourceTree = "<group>";
		};
		9235A6C82CF20D6300DC02D2 /* Preview Content */ = {
			isa = PBXGroup;
			children = (
				9235A6C92CF20D6300DC02D2 /* Preview Assets.xcassets */,
			);
			path = "Preview Content";
			sourceTree = "<group>";
		};
		9235A6D02CF20D7200DC02D2 /* Sources */ = {
			isa = PBXGroup;
			children = (
				9235A7142CF78E1200DC02D2 /* Services */,
				9235A6D52CF20E7200DC02D2 /* UI */,
				9235A6D62CF20E7800DC02D2 /* Resources */,
				9235A6D42CF20E5600DC02D2 /* Screen */,
				9235A6D22CF20E3A00DC02D2 /* Model */,
				9235A6D12CF20E3200DC02D2 /* Extension */,
			);
			path = Sources;
			sourceTree = "<group>";
		};
		9235A6D12CF20E3200DC02D2 /* Extension */ = {
			isa = PBXGroup;
			children = (
				9235A6E02CF21E6500DC02D2 /* Date.swift */,
			);
			path = Extension;
			sourceTree = "<group>";
		};
		9235A6D22CF20E3A00DC02D2 /* Model */ = {
			isa = PBXGroup;
			children = (
				9235A7292CF7B38B00DC02D2 /* ToDoItem.swift */,
			);
			path = Model;
			sourceTree = "<group>";
		};
		9235A6D42CF20E5600DC02D2 /* Screen */ = {
			isa = PBXGroup;
			children = (
				9235A7112CF4E3EA00DC02D2 /* Task */,
				9235A6D72CF20E9300DC02D2 /* ToDoList */,
			);
			path = Screen;
			sourceTree = "<group>";
		};
		9235A6D52CF20E7200DC02D2 /* UI */ = {
			isa = PBXGroup;
			children = (
				9235A6DC2CF20F7B00DC02D2 /* Components */,
			);
			path = UI;
			sourceTree = "<group>";
		};
		9235A6D62CF20E7800DC02D2 /* Resources */ = {
			isa = PBXGroup;
			children = (
				9235A7472CFCC87600DC02D2 /* Locales */,
				9235A6F32CF244DA00DC02D2 /* Images */,
				9235A6F22CF244D500DC02D2 /* Colors */,
				9235A6DF2CF2165500DC02D2 /* Fonts */,
			);
			path = Resources;
			sourceTree = "<group>";
		};
		9235A6D72CF20E9300DC02D2 /* ToDoList */ = {
			isa = PBXGroup;
			children = (
				92D9E06A2CFDFD260094123C /* UI */,
				9235A6DA2CF20F5000DC02D2 /* ToDoListView.swift */,
				9235A72D2CF7BA2C00DC02D2 /* ToDoListViewModel.swift */,
			);
			path = ToDoList;
			sourceTree = "<group>";
		};
		9235A6DC2CF20F7B00DC02D2 /* Components */ = {
			isa = PBXGroup;
			children = (
			);
			path = Components;
			sourceTree = "<group>";
		};
		9235A6DF2CF2165500DC02D2 /* Fonts */ = {
			isa = PBXGroup;
			children = (
			);
			path = Fonts;
			sourceTree = "<group>";
		};
		9235A6F22CF244D500DC02D2 /* Colors */ = {
			isa = PBXGroup;
			children = (
				9235A7032CF258DE00DC02D2 /* Colors.swift */,
				9235A7012CF258B500DC02D2 /* ColorAsset.xcassets */,
			);
			path = Colors;
			sourceTree = "<group>";
		};
		9235A6F32CF244DA00DC02D2 /* Images */ = {
			isa = PBXGroup;
			children = (
				9235A7072CF2620500DC02D2 /* Images.swift */,
				9235A7092CF276EC00DC02D2 /* Assets.xcassets */,
			);
			path = Images;
			sourceTree = "<group>";
		};
		9235A7112CF4E3EA00DC02D2 /* Task */ = {
			isa = PBXGroup;
			children = (
				9235A7122CF4E42000DC02D2 /* TaskView.swift */,
				9235A7432CF8E10500DC02D2 /* TaskViewModel.swift */,
			);
			path = Task;
			sourceTree = "<group>";
		};
		9235A7142CF78E1200DC02D2 /* Services */ = {
			isa = PBXGroup;
			children = (
				923C0D4A2CFCD9EC0024CAF1 /* StartTypeService */,
				9235A7332CF8707800DC02D2 /* Persistence */,
				9235A7152CF78E1A00DC02D2 /* Network */,
			);
			path = Services;
			sourceTree = "<group>";
		};
		9235A7152CF78E1A00DC02D2 /* Network */ = {
			isa = PBXGroup;
			children = (
				9235A7182CF78F8700DC02D2 /* Requests */,
				9235A7172CF78F7900DC02D2 /* Service */,
				9235A7162CF78F6200DC02D2 /* Models */,
			);
			path = Network;
			sourceTree = "<group>";
		};
		9235A7162CF78F6200DC02D2 /* Models */ = {
			isa = PBXGroup;
			children = (
				9235A7192CF7905F00DC02D2 /* Endpoint.swift */,
				9235A7232CF7AE6A00DC02D2 /* ToDoItemNetworkItem.swift */,
				9235A7252CF7AF3700DC02D2 /* ToDoItemListNetworkModel.swift */,
			);
			path = Models;
			sourceTree = "<group>";
		};
		9235A7172CF78F7900DC02D2 /* Service */ = {
			isa = PBXGroup;
			children = (
				9235A71B2CF791A400DC02D2 /* NetworkingServiceError.swift */,
				9235A71F2CF7941100DC02D2 /* NetworkingService.swift */,
				9235A7212CF797DB00DC02D2 /* ToDoNetworkingService.swift */,
			);
			path = Service;
			sourceTree = "<group>";
		};
		9235A7182CF78F8700DC02D2 /* Requests */ = {
			isa = PBXGroup;
			children = (
				9235A71D2CF7926D00DC02D2 /* NetworkRequest.swift */,
				9235A7272CF7B26000DC02D2 /* GetToDoItemListRequest.swift */,
			);
			path = Requests;
			sourceTree = "<group>";
		};
		9235A7332CF8707800DC02D2 /* Persistence */ = {
			isa = PBXGroup;
			children = (
				9235A7402CF8A19600DC02D2 /* Errors */,
				9235A7352CF870B300DC02D2 /* Service */,
				9235A7342CF8709700DC02D2 /* DataModel */,
			);
			path = Persistence;
			sourceTree = "<group>";
		};
		9235A7342CF8709700DC02D2 /* DataModel */ = {
			isa = PBXGroup;
			children = (
				9235A7362CF870EA00DC02D2 /* ToDoDataModel.xcdatamodeld */,
			);
			path = DataModel;
			sourceTree = "<group>";
		};
		9235A7352CF870B300DC02D2 /* Service */ = {
			isa = PBXGroup;
			children = (
				9235A7392CF871A400DC02D2 /* ToDoPersistenceService.swift */,
			);
			path = Service;
			sourceTree = "<group>";
		};
		9235A7402CF8A19600DC02D2 /* Errors */ = {
			isa = PBXGroup;
			children = (
				9235A7412CF8A23C00DC02D2 /* PersistenceErrors.swift */,
			);
			path = Errors;
			sourceTree = "<group>";
		};
		9235A7472CFCC87600DC02D2 /* Locales */ = {
			isa = PBXGroup;
			children = (
				923C0D472CFCD68C0024CAF1 /* Localizable.xcstrings */,
			);
			path = Locales;
			sourceTree = "<group>";
		};
		923C0D4A2CFCD9EC0024CAF1 /* StartTypeService */ = {
			isa = PBXGroup;
			children = (
				923C0D4E2CFCDAB00024CAF1 /* StartTypeService.swift */,
				923C0D4D2CFCDA230024CAF1 /* Protocols */,
			);
			path = StartTypeService;
			sourceTree = "<group>";
		};
		923C0D4D2CFCDA230024CAF1 /* Protocols */ = {
			isa = PBXGroup;
			children = (
				92D9E0572CFCFB810094123C /* FirstStartIdentifiable.swift */,
			);
			path = Protocols;
			sourceTree = "<group>";
		};
		92D9E05E2CFD190E0094123C /* CreativeMobilesToDoTests */ = {
			isa = PBXGroup;
			children = (
				92D9E05F2CFD190E0094123C /* CreativeMobilesToDoTests.swift */,
				92D9E0662CFD1A430094123C /* StartTypeServiceTests.swift */,
				92D9E0682CFD21130094123C /* ToDoItemPersistenceTests.swift */,
			);
			path = CreativeMobilesToDoTests;
			sourceTree = "<group>";
		};
		92D9E06A2CFDFD260094123C /* UI */ = {
			isa = PBXGroup;
			children = (
				9235A6DD2CF20F9100DC02D2 /* ToDoItemView.swift */,
				9235A70F2CF4D86A00DC02D2 /* ToDoItemPreview.swift */,
			);
			path = UI;
			sourceTree = "<group>";
		};
/* End PBXGroup section */

/* Begin PBXNativeTarget section */
		9235A6BE2CF20D6200DC02D2 /* CreativeMobilesToDo */ = {
			isa = PBXNativeTarget;
			buildConfigurationList = 9235A6CD2CF20D6300DC02D2 /* Build configuration list for PBXNativeTarget "CreativeMobilesToDo" */;
			buildPhases = (
				7A7EE5A7DAEAB09905A3E2F0 /* [CP] Check Pods Manifest.lock */,
				9235A6F62CF2460800DC02D2 /* SwiftGen */,
				92D9E06B2CFE03470094123C /* SwiftLint */,
				9235A6BB2CF20D6200DC02D2 /* Sources */,
				9235A6BC2CF20D6200DC02D2 /* Frameworks */,
				9235A6BD2CF20D6200DC02D2 /* Resources */,
			);
			buildRules = (
			);
			dependencies = (
			);
			name = CreativeMobilesToDo;
			productName = CreativeMobilesToDo;
			productReference = 9235A6BF2CF20D6200DC02D2 /* CreativeMobilesToDo.app */;
			productType = "com.apple.product-type.application";
		};
		92D9E05C2CFD190E0094123C /* CreativeMobilesToDoTests */ = {
			isa = PBXNativeTarget;
			buildConfigurationList = 92D9E0632CFD190E0094123C /* Build configuration list for PBXNativeTarget "CreativeMobilesToDoTests" */;
			buildPhases = (
				92D9E0592CFD190E0094123C /* Sources */,
				92D9E05A2CFD190E0094123C /* Frameworks */,
				92D9E05B2CFD190E0094123C /* Resources */,
			);
			buildRules = (
			);
			dependencies = (
				92D9E0622CFD190E0094123C /* PBXTargetDependency */,
			);
			name = CreativeMobilesToDoTests;
			productName = CreativeMobilesToDoTests;
			productReference = 92D9E05D2CFD190E0094123C /* CreativeMobilesToDoTests.xctest */;
			productType = "com.apple.product-type.bundle.unit-test";
		};
/* End PBXNativeTarget section */

/* Begin PBXProject section */
		9235A6B72CF20D6200DC02D2 /* Project object */ = {
			isa = PBXProject;
			attributes = {
				BuildIndependentTargetsInParallel = 1;
				LastSwiftUpdateCheck = 1540;
				LastUpgradeCheck = 1540;
				TargetAttributes = {
					9235A6BE2CF20D6200DC02D2 = {
						CreatedOnToolsVersion = 15.4;
					};
					92D9E05C2CFD190E0094123C = {
						CreatedOnToolsVersion = 15.4;
						TestTargetID = 9235A6BE2CF20D6200DC02D2;
					};
				};
			};
			buildConfigurationList = 9235A6BA2CF20D6200DC02D2 /* Build configuration list for PBXProject "CreativeMobilesToDo" */;
			compatibilityVersion = "Xcode 14.0";
			developmentRegion = en;
			hasScannedForEncodings = 0;
			knownRegions = (
				en,
				Base,
				ru,
			);
			mainGroup = 9235A6B62CF20D6200DC02D2;
			productRefGroup = 9235A6C02CF20D6200DC02D2 /* Products */;
			projectDirPath = "";
			projectRoot = "";
			targets = (
				9235A6BE2CF20D6200DC02D2 /* CreativeMobilesToDo */,
				92D9E05C2CFD190E0094123C /* CreativeMobilesToDoTests */,
			);
		};
/* End PBXProject section */

/* Begin PBXResourcesBuildPhase section */
		9235A6BD2CF20D6200DC02D2 /* Resources */ = {
			isa = PBXResourcesBuildPhase;
			buildActionMask = 2147483647;
			files = (
				9235A7022CF258B500DC02D2 /* ColorAsset.xcassets in Resources */,
				9235A70A2CF276EC00DC02D2 /* Assets.xcassets in Resources */,
				923C0D482CFCD68C0024CAF1 /* Localizable.xcstrings in Resources */,
				9235A6CA2CF20D6300DC02D2 /* Preview Assets.xcassets in Resources */,
			);
			runOnlyForDeploymentPostprocessing = 0;
		};
		92D9E05B2CFD190E0094123C /* Resources */ = {
			isa = PBXResourcesBuildPhase;
			buildActionMask = 2147483647;
			files = (
			);
			runOnlyForDeploymentPostprocessing = 0;
		};
/* End PBXResourcesBuildPhase section */

/* Begin PBXShellScriptBuildPhase section */
		7A7EE5A7DAEAB09905A3E2F0 /* [CP] Check Pods Manifest.lock */ = {
			isa = PBXShellScriptBuildPhase;
			buildActionMask = 2147483647;
			files = (
			);
			inputFileListPaths = (
			);
			inputPaths = (
				"${PODS_PODFILE_DIR_PATH}/Podfile.lock",
				"${PODS_ROOT}/Manifest.lock",
			);
			name = "[CP] Check Pods Manifest.lock";
			outputFileListPaths = (
			);
			outputPaths = (
				"$(DERIVED_FILE_DIR)/Pods-CreativeMobilesToDo-checkManifestLockResult.txt",
			);
			runOnlyForDeploymentPostprocessing = 0;
			shellPath = /bin/sh;
			shellScript = "diff \"${PODS_PODFILE_DIR_PATH}/Podfile.lock\" \"${PODS_ROOT}/Manifest.lock\" > /dev/null\nif [ $? != 0 ] ; then\n    # print error to STDERR\n    echo \"error: The sandbox is not in sync with the Podfile.lock. Run 'pod install' or update your CocoaPods installation.\" >&2\n    exit 1\nfi\n# This output is used by Xcode 'outputs' to avoid re-running this script phase.\necho \"SUCCESS\" > \"${SCRIPT_OUTPUT_FILE_0}\"\n";
			showEnvVarsInLog = 0;
		};
		9235A6F62CF2460800DC02D2 /* SwiftGen */ = {
			isa = PBXShellScriptBuildPhase;
			alwaysOutOfDate = 1;
			buildActionMask = 12;
			files = (
			);
			inputFileListPaths = (
			);
			inputPaths = (
			);
			name = SwiftGen;
			outputFileListPaths = (
			);
			outputPaths = (
			);
			runOnlyForDeploymentPostprocessing = 0;
			shellPath = /bin/sh;
			shellScript = "if [[ -f \"${PODS_ROOT}/SwiftGen/bin/swiftgen\" ]]; then\n  \"${PODS_ROOT}/SwiftGen/bin/swiftgen\" -v\nelse\n  echo \"warning: SwiftGen is not installed. Run 'pod install --repo-update' to install it.\"\nfi\n";
		};
		92D9E06B2CFE03470094123C /* SwiftLint */ = {
			isa = PBXShellScriptBuildPhase;
			alwaysOutOfDate = 1;
			buildActionMask = 2147483647;
			files = (
			);
			inputFileListPaths = (
			);
			inputPaths = (
			);
			name = SwiftLint;
			outputFileListPaths = (
			);
			outputPaths = (
			);
			runOnlyForDeploymentPostprocessing = 0;
			shellPath = /bin/sh;
			shellScript = "\"${PODS_ROOT}/SwiftLint/swiftlint\" --fix\n";
		};
/* End PBXShellScriptBuildPhase section */

/* Begin PBXSourcesBuildPhase section */
		9235A6BB2CF20D6200DC02D2 /* Sources */ = {
			isa = PBXSourcesBuildPhase;
			buildActionMask = 2147483647;
			files = (
				9235A6C52CF20D6200DC02D2 /* ContentView.swift in Sources */,
				9235A7442CF8E10500DC02D2 /* TaskViewModel.swift in Sources */,
				9235A7242CF7AE6A00DC02D2 /* ToDoItemNetworkItem.swift in Sources */,
				9235A7042CF258DE00DC02D2 /* Colors.swift in Sources */,
				9235A71A2CF7905F00DC02D2 /* Endpoint.swift in Sources */,
				9235A71E2CF7926D00DC02D2 /* NetworkRequest.swift in Sources */,
				9235A7132CF4E42000DC02D2 /* TaskView.swift in Sources */,
				9235A6E12CF21E6500DC02D2 /* Date.swift in Sources */,
				9235A73A2CF871A400DC02D2 /* ToDoPersistenceService.swift in Sources */,
				9235A6DE2CF20F9100DC02D2 /* ToDoItemView.swift in Sources */,
				9235A71C2CF791A400DC02D2 /* NetworkingServiceError.swift in Sources */,
				9235A7422CF8A23C00DC02D2 /* PersistenceErrors.swift in Sources */,
				923C0D4F2CFCDAB00024CAF1 /* StartTypeService.swift in Sources */,
				9235A7102CF4D86A00DC02D2 /* ToDoItemPreview.swift in Sources */,
				9235A72E2CF7BA2C00DC02D2 /* ToDoListViewModel.swift in Sources */,
				9235A7202CF7941100DC02D2 /* NetworkingService.swift in Sources */,
				9235A7082CF2620500DC02D2 /* Images.swift in Sources */,
				9235A72A2CF7B38B00DC02D2 /* ToDoItem.swift in Sources */,
				9235A7282CF7B26000DC02D2 /* GetToDoItemListRequest.swift in Sources */,
				9235A7222CF797DB00DC02D2 /* ToDoNetworkingService.swift in Sources */,
				9235A7382CF870EB00DC02D2 /* ToDoDataModel.xcdatamodeld in Sources */,
				9235A6C32CF20D6200DC02D2 /* CreativeMobilesToDoApp.swift in Sources */,
				9235A7262CF7AF3700DC02D2 /* ToDoItemListNetworkModel.swift in Sources */,
				9235A6DB2CF20F5000DC02D2 /* ToDoListView.swift in Sources */,
				92D9E0582CFCFB810094123C /* FirstStartIdentifiable.swift in Sources */,
			);
			runOnlyForDeploymentPostprocessing = 0;
		};
		92D9E0592CFD190E0094123C /* Sources */ = {
			isa = PBXSourcesBuildPhase;
			buildActionMask = 2147483647;
			files = (
				92D9E0692CFD21130094123C /* ToDoItemPersistenceTests.swift in Sources */,
				92D9E0672CFD1A430094123C /* StartTypeServiceTests.swift in Sources */,
				92D9E0602CFD190E0094123C /* CreativeMobilesToDoTests.swift in Sources */,
			);
			runOnlyForDeploymentPostprocessing = 0;
		};
/* End PBXSourcesBuildPhase section */

/* Begin PBXTargetDependency section */
		92D9E0622CFD190E0094123C /* PBXTargetDependency */ = {
			isa = PBXTargetDependency;
			target = 9235A6BE2CF20D6200DC02D2 /* CreativeMobilesToDo */;
			targetProxy = 92D9E0612CFD190E0094123C /* PBXContainerItemProxy */;
		};
/* End PBXTargetDependency section */

/* Begin XCBuildConfiguration section */
		9235A6CB2CF20D6300DC02D2 /* Debug */ = {
			isa = XCBuildConfiguration;
			buildSettings = {
				ALWAYS_SEARCH_USER_PATHS = NO;
				ASSETCATALOG_COMPILER_GENERATE_SWIFT_ASSET_SYMBOL_EXTENSIONS = YES;
				CLANG_ANALYZER_NONNULL = YES;
				CLANG_ANALYZER_NUMBER_OBJECT_CONVERSION = YES_AGGRESSIVE;
				CLANG_CXX_LANGUAGE_STANDARD = "gnu++20";
				CLANG_ENABLE_MODULES = YES;
				CLANG_ENABLE_OBJC_ARC = YES;
				CLANG_ENABLE_OBJC_WEAK = YES;
				CLANG_WARN_BLOCK_CAPTURE_AUTORELEASING = YES;
				CLANG_WARN_BOOL_CONVERSION = YES;
				CLANG_WARN_COMMA = YES;
				CLANG_WARN_CONSTANT_CONVERSION = YES;
				CLANG_WARN_DEPRECATED_OBJC_IMPLEMENTATIONS = YES;
				CLANG_WARN_DIRECT_OBJC_ISA_USAGE = YES_ERROR;
				CLANG_WARN_DOCUMENTATION_COMMENTS = YES;
				CLANG_WARN_EMPTY_BODY = YES;
				CLANG_WARN_ENUM_CONVERSION = YES;
				CLANG_WARN_INFINITE_RECURSION = YES;
				CLANG_WARN_INT_CONVERSION = YES;
				CLANG_WARN_NON_LITERAL_NULL_CONVERSION = YES;
				CLANG_WARN_OBJC_IMPLICIT_RETAIN_SELF = YES;
				CLANG_WARN_OBJC_LITERAL_CONVERSION = YES;
				CLANG_WARN_OBJC_ROOT_CLASS = YES_ERROR;
				CLANG_WARN_QUOTED_INCLUDE_IN_FRAMEWORK_HEADER = YES;
				CLANG_WARN_RANGE_LOOP_ANALYSIS = YES;
				CLANG_WARN_STRICT_PROTOTYPES = YES;
				CLANG_WARN_SUSPICIOUS_MOVE = YES;
				CLANG_WARN_UNGUARDED_AVAILABILITY = YES_AGGRESSIVE;
				CLANG_WARN_UNREACHABLE_CODE = YES;
				CLANG_WARN__DUPLICATE_METHOD_MATCH = YES;
				COPY_PHASE_STRIP = NO;
				DEBUG_INFORMATION_FORMAT = dwarf;
				ENABLE_STRICT_OBJC_MSGSEND = YES;
				ENABLE_TESTABILITY = YES;
				ENABLE_USER_SCRIPT_SANDBOXING = NO;
				GCC_C_LANGUAGE_STANDARD = gnu17;
				GCC_DYNAMIC_NO_PIC = NO;
				GCC_NO_COMMON_BLOCKS = YES;
				GCC_OPTIMIZATION_LEVEL = 0;
				GCC_PREPROCESSOR_DEFINITIONS = (
					"DEBUG=1",
					"$(inherited)",
				);
				GCC_WARN_64_TO_32_BIT_CONVERSION = YES;
				GCC_WARN_ABOUT_RETURN_TYPE = YES_ERROR;
				GCC_WARN_UNDECLARED_SELECTOR = YES;
				GCC_WARN_UNINITIALIZED_AUTOS = YES_AGGRESSIVE;
				GCC_WARN_UNUSED_FUNCTION = YES;
				GCC_WARN_UNUSED_VARIABLE = YES;
				IPHONEOS_DEPLOYMENT_TARGET = 17.5;
				LOCALIZATION_PREFERS_STRING_CATALOGS = YES;
				MTL_ENABLE_DEBUG_INFO = INCLUDE_SOURCE;
				MTL_FAST_MATH = YES;
				ONLY_ACTIVE_ARCH = YES;
				SDKROOT = iphoneos;
				SWIFT_ACTIVE_COMPILATION_CONDITIONS = "DEBUG $(inherited)";
				SWIFT_OPTIMIZATION_LEVEL = "-Onone";
			};
			name = Debug;
		};
		9235A6CC2CF20D6300DC02D2 /* Release */ = {
			isa = XCBuildConfiguration;
			buildSettings = {
				ALWAYS_SEARCH_USER_PATHS = NO;
				ASSETCATALOG_COMPILER_GENERATE_SWIFT_ASSET_SYMBOL_EXTENSIONS = YES;
				CLANG_ANALYZER_NONNULL = YES;
				CLANG_ANALYZER_NUMBER_OBJECT_CONVERSION = YES_AGGRESSIVE;
				CLANG_CXX_LANGUAGE_STANDARD = "gnu++20";
				CLANG_ENABLE_MODULES = YES;
				CLANG_ENABLE_OBJC_ARC = YES;
				CLANG_ENABLE_OBJC_WEAK = YES;
				CLANG_WARN_BLOCK_CAPTURE_AUTORELEASING = YES;
				CLANG_WARN_BOOL_CONVERSION = YES;
				CLANG_WARN_COMMA = YES;
				CLANG_WARN_CONSTANT_CONVERSION = YES;
				CLANG_WARN_DEPRECATED_OBJC_IMPLEMENTATIONS = YES;
				CLANG_WARN_DIRECT_OBJC_ISA_USAGE = YES_ERROR;
				CLANG_WARN_DOCUMENTATION_COMMENTS = YES;
				CLANG_WARN_EMPTY_BODY = YES;
				CLANG_WARN_ENUM_CONVERSION = YES;
				CLANG_WARN_INFINITE_RECURSION = YES;
				CLANG_WARN_INT_CONVERSION = YES;
				CLANG_WARN_NON_LITERAL_NULL_CONVERSION = YES;
				CLANG_WARN_OBJC_IMPLICIT_RETAIN_SELF = YES;
				CLANG_WARN_OBJC_LITERAL_CONVERSION = YES;
				CLANG_WARN_OBJC_ROOT_CLASS = YES_ERROR;
				CLANG_WARN_QUOTED_INCLUDE_IN_FRAMEWORK_HEADER = YES;
				CLANG_WARN_RANGE_LOOP_ANALYSIS = YES;
				CLANG_WARN_STRICT_PROTOTYPES = YES;
				CLANG_WARN_SUSPICIOUS_MOVE = YES;
				CLANG_WARN_UNGUARDED_AVAILABILITY = YES_AGGRESSIVE;
				CLANG_WARN_UNREACHABLE_CODE = YES;
				CLANG_WARN__DUPLICATE_METHOD_MATCH = YES;
				COPY_PHASE_STRIP = NO;
				DEBUG_INFORMATION_FORMAT = "dwarf-with-dsym";
				ENABLE_NS_ASSERTIONS = NO;
				ENABLE_STRICT_OBJC_MSGSEND = YES;
				ENABLE_USER_SCRIPT_SANDBOXING = NO;
				GCC_C_LANGUAGE_STANDARD = gnu17;
				GCC_NO_COMMON_BLOCKS = YES;
				GCC_WARN_64_TO_32_BIT_CONVERSION = YES;
				GCC_WARN_ABOUT_RETURN_TYPE = YES_ERROR;
				GCC_WARN_UNDECLARED_SELECTOR = YES;
				GCC_WARN_UNINITIALIZED_AUTOS = YES_AGGRESSIVE;
				GCC_WARN_UNUSED_FUNCTION = YES;
				GCC_WARN_UNUSED_VARIABLE = YES;
				IPHONEOS_DEPLOYMENT_TARGET = 17.5;
				LOCALIZATION_PREFERS_STRING_CATALOGS = YES;
				MTL_ENABLE_DEBUG_INFO = NO;
				MTL_FAST_MATH = YES;
				SDKROOT = iphoneos;
				SWIFT_COMPILATION_MODE = wholemodule;
				VALIDATE_PRODUCT = YES;
			};
			name = Release;
		};
		9235A6CE2CF20D6300DC02D2 /* Debug */ = {
			isa = XCBuildConfiguration;
			baseConfigurationReference = FAFDD5CCBA6CD02AB98FE55B /* Pods-CreativeMobilesToDo.debug.xcconfig */;
			buildSettings = {
				ASSETCATALOG_COMPILER_APPICON_NAME = AppIcon;
				ASSETCATALOG_COMPILER_GLOBAL_ACCENT_COLOR_NAME = AccentColor;
				CODE_SIGN_IDENTITY = "Apple Development";
				CODE_SIGN_STYLE = Automatic;
				CURRENT_PROJECT_VERSION = 1;
				DEVELOPMENT_ASSET_PATHS = "\"CreativeMobilesToDo/Preview Content\"";
				DEVELOPMENT_TEAM = 95VHSTU4WC;
				ENABLE_PREVIEWS = YES;
				GENERATE_INFOPLIST_FILE = YES;
				INFOPLIST_KEY_UIApplicationSceneManifest_Generation = YES;
				INFOPLIST_KEY_UIApplicationSupportsIndirectInputEvents = YES;
				INFOPLIST_KEY_UILaunchScreen_Generation = YES;
				INFOPLIST_KEY_UISupportedInterfaceOrientations_iPad = "UIInterfaceOrientationPortrait UIInterfaceOrientationPortraitUpsideDown UIInterfaceOrientationLandscapeLeft UIInterfaceOrientationLandscapeRight";
				INFOPLIST_KEY_UISupportedInterfaceOrientations_iPhone = "UIInterfaceOrientationPortrait UIInterfaceOrientationLandscapeLeft UIInterfaceOrientationLandscapeRight";
				LD_RUNPATH_SEARCH_PATHS = (
					"$(inherited)",
					"@executable_path/Frameworks",
				);
				MARKETING_VERSION = 1.0;
				PRODUCT_BUNDLE_IDENTIFIER = denissidorenko.CreativeMobilesToDo;
				PRODUCT_NAME = "$(TARGET_NAME)";
				PROVISIONING_PROFILE_SPECIFIER = "";
				SWIFT_EMIT_LOC_STRINGS = YES;
				SWIFT_VERSION = 5.0;
				TARGETED_DEVICE_FAMILY = "1,2";
			};
			name = Debug;
		};
		9235A6CF2CF20D6300DC02D2 /* Release */ = {
			isa = XCBuildConfiguration;
			baseConfigurationReference = EA322911ABBE2760CD7B185D /* Pods-CreativeMobilesToDo.release.xcconfig */;
			buildSettings = {
				ASSETCATALOG_COMPILER_APPICON_NAME = AppIcon;
				ASSETCATALOG_COMPILER_GLOBAL_ACCENT_COLOR_NAME = AccentColor;
				CODE_SIGN_IDENTITY = "Apple Development";
				CODE_SIGN_STYLE = Automatic;
				CURRENT_PROJECT_VERSION = 1;
				DEVELOPMENT_ASSET_PATHS = "\"CreativeMobilesToDo/Preview Content\"";
				DEVELOPMENT_TEAM = 95VHSTU4WC;
				ENABLE_PREVIEWS = YES;
				GENERATE_INFOPLIST_FILE = YES;
				INFOPLIST_KEY_UIApplicationSceneManifest_Generation = YES;
				INFOPLIST_KEY_UIApplicationSupportsIndirectInputEvents = YES;
				INFOPLIST_KEY_UILaunchScreen_Generation = YES;
				INFOPLIST_KEY_UISupportedInterfaceOrientations_iPad = "UIInterfaceOrientationPortrait UIInterfaceOrientationPortraitUpsideDown UIInterfaceOrientationLandscapeLeft UIInterfaceOrientationLandscapeRight";
				INFOPLIST_KEY_UISupportedInterfaceOrientations_iPhone = "UIInterfaceOrientationPortrait UIInterfaceOrientationLandscapeLeft UIInterfaceOrientationLandscapeRight";
				LD_RUNPATH_SEARCH_PATHS = (
					"$(inherited)",
					"@executable_path/Frameworks",
				);
				MARKETING_VERSION = 1.0;
				PRODUCT_BUNDLE_IDENTIFIER = denissidorenko.CreativeMobilesToDo;
				PRODUCT_NAME = "$(TARGET_NAME)";
				PROVISIONING_PROFILE_SPECIFIER = "";
				SWIFT_EMIT_LOC_STRINGS = YES;
				SWIFT_VERSION = 5.0;
				TARGETED_DEVICE_FAMILY = "1,2";
			};
			name = Release;
		};
		92D9E0642CFD190E0094123C /* Debug */ = {
			isa = XCBuildConfiguration;
			buildSettings = {
				BUNDLE_LOADER = "$(TEST_HOST)";
				CODE_SIGN_STYLE = Automatic;
				CURRENT_PROJECT_VERSION = 1;
				DEVELOPMENT_TEAM = 95VHSTU4WC;
				ENABLE_USER_SCRIPT_SANDBOXING = YES;
				GENERATE_INFOPLIST_FILE = YES;
				MARKETING_VERSION = 1.0;
				PRODUCT_BUNDLE_IDENTIFIER = denissidorenko.CreativeMobilesToDoTests;
				PRODUCT_NAME = "$(TARGET_NAME)";
				SWIFT_EMIT_LOC_STRINGS = NO;
				SWIFT_VERSION = 5.0;
				TARGETED_DEVICE_FAMILY = "1,2";
				TEST_HOST = "$(BUILT_PRODUCTS_DIR)/CreativeMobilesToDo.app/$(BUNDLE_EXECUTABLE_FOLDER_PATH)/CreativeMobilesToDo";
			};
			name = Debug;
		};
		92D9E0652CFD190E0094123C /* Release */ = {
			isa = XCBuildConfiguration;
			buildSettings = {
				BUNDLE_LOADER = "$(TEST_HOST)";
				CODE_SIGN_STYLE = Automatic;
				CURRENT_PROJECT_VERSION = 1;
				DEVELOPMENT_TEAM = 95VHSTU4WC;
				ENABLE_USER_SCRIPT_SANDBOXING = YES;
				GENERATE_INFOPLIST_FILE = YES;
				MARKETING_VERSION = 1.0;
				PRODUCT_BUNDLE_IDENTIFIER = denissidorenko.CreativeMobilesToDoTests;
				PRODUCT_NAME = "$(TARGET_NAME)";
				SWIFT_EMIT_LOC_STRINGS = NO;
				SWIFT_VERSION = 5.0;
				TARGETED_DEVICE_FAMILY = "1,2";
				TEST_HOST = "$(BUILT_PRODUCTS_DIR)/CreativeMobilesToDo.app/$(BUNDLE_EXECUTABLE_FOLDER_PATH)/CreativeMobilesToDo";
			};
			name = Release;
		};
/* End XCBuildConfiguration section */

/* Begin XCConfigurationList section */
		9235A6BA2CF20D6200DC02D2 /* Build configuration list for PBXProject "CreativeMobilesToDo" */ = {
			isa = XCConfigurationList;
			buildConfigurations = (
				9235A6CB2CF20D6300DC02D2 /* Debug */,
				9235A6CC2CF20D6300DC02D2 /* Release */,
			);
			defaultConfigurationIsVisible = 0;
			defaultConfigurationName = Release;
		};
		9235A6CD2CF20D6300DC02D2 /* Build configuration list for PBXNativeTarget "CreativeMobilesToDo" */ = {
			isa = XCConfigurationList;
			buildConfigurations = (
				9235A6CE2CF20D6300DC02D2 /* Debug */,
				9235A6CF2CF20D6300DC02D2 /* Release */,
			);
			defaultConfigurationIsVisible = 0;
			defaultConfigurationName = Release;
		};
		92D9E0632CFD190E0094123C /* Build configuration list for PBXNativeTarget "CreativeMobilesToDoTests" */ = {
			isa = XCConfigurationList;
			buildConfigurations = (
				92D9E0642CFD190E0094123C /* Debug */,
				92D9E0652CFD190E0094123C /* Release */,
			);
			defaultConfigurationIsVisible = 0;
			defaultConfigurationName = Release;
		};
/* End XCConfigurationList section */

/* Begin XCVersionGroup section */
		9235A7362CF870EA00DC02D2 /* ToDoDataModel.xcdatamodeld */ = {
			isa = XCVersionGroup;
			children = (
				9235A7372CF870EB00DC02D2 /* ToDoDataModel.xcdatamodel */,
			);
			currentVersion = 9235A7372CF870EB00DC02D2 /* ToDoDataModel.xcdatamodel */;
			name = ToDoDataModel.xcdatamodeld;
			path = "/Users/denis/Desktop/Xcode Projects/CreativeMobilesToDo/CreativeMobilesToDo/Sources/Services/Persistence/DataModel/ToDoDataModel.xcdatamodeld";
			sourceTree = "<group>";
			versionGroupType = wrapper.xcdatamodel;
		};
/* End XCVersionGroup section */
	};
	rootObject = 9235A6B72CF20D6200DC02D2 /* Project object */;
}
